<?xml version="1.0" encoding="utf-8"?>
<Project ToolsVersion="4.0" xmlns="http://schemas.microsoft.com/developer/msbuild/2003">
  <ItemGroup>
    <Filter Include="Source Files">
      <UniqueIdentifier>{b8c7a04b-a52d-43d1-ab53-010e52fa3150}</UniqueIdentifier>
      <Extensions>cpp;c;cxx;rc;def;r;odl;idl;hpj;bat</Extensions>
    </Filter>
    <Filter Include="Header Files">
      <UniqueIdentifier>{45842c6d-d122-4aa7-bf34-e0a8e862eff0}</UniqueIdentifier>
      <Extensions>h;hpp;hxx;hm;inl</Extensions>
    </Filter>
    <Filter Include="Resource Files">
      <UniqueIdentifier>{da6c9683-f6c7-4ec2-b127-85b002d25c02}</UniqueIdentifier>
      <Extensions>ico;cur;bmp;dlg;rc2;rct;bin;rgs;gif;jpg;jpeg;jpe</Extensions>
    </Filter>
  </ItemGroup>
  <ItemGroup>
    <ClCompile Include="source\c3_camera.cpp">
      <Filter>Source Files</Filter>
    </ClCompile>
    <ClCompile Include="source\c3_capscreen.cpp">
      <Filter>Source Files</Filter>
    </ClCompile>
    <ClCompile Include="source\c3_common.cpp">
      <Filter>Source Files</Filter>
    </ClCompile>
    <ClCompile Include="source\c3_datafile.cpp">
      <Filter>Source Files</Filter>
    </ClCompile>
    <ClCompile Include="source\c3_font.cpp">
      <Filter>Source Files</Filter>
    </ClCompile>
    <ClCompile Include="source\c3_key.cpp">
      <Filter>Source Files</Filter>
    </ClCompile>
    <ClCompile Include="source\c3_main.cpp">
      <Filter>Source Files</Filter>
    </ClCompile>
    <ClCompile Include="source\c3_omni.cpp">
      <Filter>Source Files</Filter>
    </ClCompile>
    <ClCompile Include="source\c3_phy.cpp">
      <Filter>Source Files</Filter>
    </ClCompile>
    <ClCompile Include="source\c3_ptcl.cpp">
      <Filter>Source Files</Filter>
    </ClCompile>
    <ClCompile Include="source\c3_scene.cpp">
      <Filter>Source Files</Filter>
    </ClCompile>
    <ClCompile Include="source\c3_shape.cpp">
      <Filter>Source Files</Filter>
    </ClCompile>
    <ClCompile Include="source\c3_sprite.cpp">
      <Filter>Source Files</Filter>
    </ClCompile>
    <ClCompile Include="source\c3_texture.cpp">
      <Filter>Source Files</Filter>
    </ClCompile>
    <ClCompile Include="source\DnFile.cpp">
      <Filter>Source Files</Filter>
    </ClCompile>
  </ItemGroup>
  <ItemGroup>
    <ClInclude Include="include\c3_camera.h">
      <Filter>Header Files</Filter>
    </ClInclude>
    <ClInclude Include="include\c3_capscreen.h">
      <Filter>Header Files</Filter>
    </ClInclude>
    <ClInclude Include="include\c3_common.h">
      <Filter>Header Files</Filter>
    </ClInclude>
    <ClInclude Include="include\c3_datafile.h">
      <Filter>Header Files</Filter>
    </ClInclude>
    <ClInclude Include="include\c3_font.h">
      <Filter>Header Files</Filter>
    </ClInclude>
    <ClInclude Include="include\c3_key.h">
      <Filter>Header Files</Filter>
    </ClInclude>
    <ClInclude Include="include\c3_main.h">
      <Filter>Header Files</Filter>
    </ClInclude>
    <ClInclude Include="include\c3_omni.h">
      <Filter>Header Files</Filter>
    </ClInclude>
    <ClInclude Include="include\c3_phy.h">
      <Filter>Header Files</Filter>
    </ClInclude>
    <ClInclude Include="include\c3_ptcl.h">
      <Filter>Header Files</Filter>
    </ClInclude>
    <ClInclude Include="include\c3_scene.h">
      <Filter>Header Files</Filter>
    </ClInclude>
    <ClInclude Include="include\c3_shape.h">
      <Filter>Header Files</Filter>
    </ClInclude>
    <ClInclude Include="include\c3_sprite.h">
      <Filter>Header Files</Filter>
    </ClInclude>
    <ClInclude Include="include\c3_texture.h">
      <Filter>Header Files</Filter>
    </ClInclude>
    <ClInclude Include="include\DnFile.h">
      <Filter>Header Files</Filter>
    </ClInclude>
    <ClInclude Include="include\ijl.h">
      <Filter>Header Files</Filter>
    </ClInclude>
    <ClInclude Include="include\MyDataFile.h">
      <Filter>Header Files</Filter>
    </ClInclude>
    <ClInclude Include="include\NvTriStrip.h">
      <Filter>Header Files</Filter>
    </ClInclude>
  </ItemGroup>
</Project>